// !$*UTF8*$!
{
	archiveVersion = 1;
	classes = {
	};
	objectVersion = 55;
	objects = {

/* Begin PBXBuildFile section */
		863552A62800CDFF00CEF112 /* AppDelegate.swift in Sources */ = {isa = PBXBuildFile; fileRef = 863552A52800CDFF00CEF112 /* AppDelegate.swift */; };
		863552AA2800CDFF00CEF112 /* ViewController.swift in Sources */ = {isa = PBXBuildFile; fileRef = 863552A92800CDFF00CEF112 /* ViewController.swift */; };
		863552AF2800CDFF00CEF112 /* Assets.xcassets in Resources */ = {isa = PBXBuildFile; fileRef = 863552AE2800CDFF00CEF112 /* Assets.xcassets */; };
		863552B22800CDFF00CEF112 /* LaunchScreen.storyboard in Resources */ = {isa = PBXBuildFile; fileRef = 863552B02800CDFF00CEF112 /* LaunchScreen.storyboard */; };
		863552C72800CE0000CEF112 /* UITestPracticeUITests.swift in Sources */ = {isa = PBXBuildFile; fileRef = 863552C62800CE0000CEF112 /* UITestPracticeUITests.swift */; };
		863552C92800CE0000CEF112 /* UITestPracticeUITestsLaunchTests.swift in Sources */ = {isa = PBXBuildFile; fileRef = 863552C82800CE0000CEF112 /* UITestPracticeUITestsLaunchTests.swift */; };
/* End PBXBuildFile section */

/* Begin PBXContainerItemProxy section */
		863552C32800CE0000CEF112 /* PBXContainerItemProxy */ = {
			isa = PBXContainerItemProxy;
			containerPortal = 8635529A2800CDFF00CEF112 /* Project object */;
			proxyType = 1;
			remoteGlobalIDString = 863552A12800CDFF00CEF112;
			remoteInfo = UITestPractice;
		};
/* End PBXContainerItemProxy section */

/* Begin PBXFileReference section */
		863552A22800CDFF00CEF112 /* UITestPractice.app */ = {isa = PBXFileReference; explicitFileType = wrapper.application; includeInIndex = 0; path = UITestPractice.app; sourceTree = BUILT_PRODUCTS_DIR; };
		863552A52800CDFF00CEF112 /* AppDelegate.swift */ = {isa = PBXFileReference; lastKnownFileType = sourcecode.swift; path = AppDelegate.swift; sourceTree = "<group>"; };
		863552A92800CDFF00CEF112 /* ViewController.swift */ = {isa = PBXFileReference; lastKnownFileType = sourcecode.swift; path = ViewController.swift; sourceTree = "<group>"; };
		863552AE2800CDFF00CEF112 /* Assets.xcassets */ = {isa = PBXFileReference; lastKnownFileType = folder.assetcatalog; path = Assets.xcassets; sourceTree = "<group>"; };
		863552B12800CDFF00CEF112 /* Base */ = {isa = PBXFileReference; lastKnownFileType = file.storyboard; name = Base; path = Base.lproj/LaunchScreen.storyboard; sourceTree = "<group>"; };
		863552B32800CDFF00CEF112 /* Info.plist */ = {isa = PBXFileReference; lastKnownFileType = text.plist.xml; path = Info.plist; sourceTree = "<group>"; };
		863552C22800CE0000CEF112 /* UITestPracticeUITests.xctest */ = {isa = PBXFileReference; explicitFileType = wrapper.cfbundle; includeInIndex = 0; path = UITestPracticeUITests.xctest; sourceTree = BUILT_PRODUCTS_DIR; };
		863552C62800CE0000CEF112 /* UITestPracticeUITests.swift */ = {isa = PBXFileReference; lastKnownFileType = sourcecode.swift; path = UITestPracticeUITests.swift; sourceTree = "<group>"; };
		863552C82800CE0000CEF112 /* UITestPracticeUITestsLaunchTests.swift */ = {isa = PBXFileReference; lastKnownFileType = sourcecode.swift; path = UITestPracticeUITestsLaunchTests.swift; sourceTree = "<group>"; };
/* End PBXFileReference section */

/* Begin PBXFrameworksBuildPhase section */
		8635529F2800CDFF00CEF112 /* Frameworks */ = {
			isa = PBXFrameworksBuildPhase;
			buildActionMask = 2147483647;
			files = (
			);
			runOnlyForDeploymentPostprocessing = 0;
		};
		863552BF2800CE0000CEF112 /* Frameworks */ = {
			isa = PBXFrameworksBuildPhase;
			buildActionMask = 2147483647;
			files = (
			);
			runOnlyForDeploymentPostprocessing = 0;
		};
/* End PBXFrameworksBuildPhase section */

/* Begin PBXGroup section */
		863552992800CDFF00CEF112 = {
			isa = PBXGroup;
			children = (
				863552A42800CDFF00CEF112 /* UITestPractice */,
				863552C52800CE0000CEF112 /* UITestPracticeUITests */,
				863552A32800CDFF00CEF112 /* Products */,
			);
			sourceTree = "<group>";
		};
		863552A32800CDFF00CEF112 /* Products */ = {
			isa = PBXGroup;
			children = (
				863552A22800CDFF00CEF112 /* UITestPractice.app */,
				863552C22800CE0000CEF112 /* UITestPracticeUITests.xctest */,
			);
			name = Products;
			sourceTree = "<group>";
		};
		863552A42800CDFF00CEF112 /* UITestPractice */ = {
			isa = PBXGroup;
			children = (
				863552A52800CDFF00CEF112 /* AppDelegate.swift */,
				863552A92800CDFF00CEF112 /* ViewController.swift */,
				863552AE2800CDFF00CEF112 /* Assets.xcassets */,
				863552B02800CDFF00CEF112 /* LaunchScreen.storyboard */,
				863552B32800CDFF00CEF112 /* Info.plist */,
			);
			path = UITestPractice;
			sourceTree = "<group>";
		};
		863552C52800CE0000CEF112 /* UITestPracticeUITests */ = {
			isa = PBXGroup;
			children = (
				863552C62800CE0000CEF112 /* UITestPracticeUITests.swift */,
				863552C82800CE0000CEF112 /* UITestPracticeUITestsLaunchTests.swift */,
			);
			path = UITestPracticeUITests;
			sourceTree = "<group>";
		};
/* End PBXGroup section */

/* Begin PBXNativeTarget section */
		863552A12800CDFF00CEF112 /* UITestPractice */ = {
			isa = PBXNativeTarget;
			buildConfigurationList = 863552CC2800CE0000CEF112 /* Build configuration list for PBXNativeTarget "UITestPractice" */;
			buildPhases = (
				8635529E2800CDFF00CEF112 /* Sources */,
				8635529F2800CDFF00CEF112 /* Frameworks */,
				863552A02800CDFF00CEF112 /* Resources */,
			);
			buildRules = (
			);
			dependencies = (
			);
			name = UITestPractice;
			productName = UITestPractice;
			productReference = 863552A22800CDFF00CEF112 /* UITestPractice.app */;
			productType = "com.apple.product-type.application";
		};
		863552C12800CE0000CEF112 /* UITestPracticeUITests */ = {
			isa = PBXNativeTarget;
			buildConfigurationList = 863552D22800CE0000CEF112 /* Build configuration list for PBXNativeTarget "UITestPracticeUITests" */;
			buildPhases = (
				863552BE2800CE0000CEF112 /* Sources */,
				863552BF2800CE0000CEF112 /* Frameworks */,
				863552C02800CE0000CEF112 /* Resources */,
			);
			buildRules = (
			);
			dependencies = (
				863552C42800CE0000CEF112 /* PBXTargetDependency */,
			);
			name = UITestPracticeUITests;
			productName = UITestPracticeUITests;
			productReference = 863552C22800CE0000CEF112 /* UITestPracticeUITests.xctest */;
			productType = "com.apple.product-type.bundle.ui-testing";
		};
/* End PBXNativeTarget section */

/* Begin PBXProject section */
		8635529A2800CDFF00CEF112 /* Project object */ = {
			isa = PBXProject;
			attributes = {
				BuildIndependentTargetsInParallel = 1;
				LastSwiftUpdateCheck = 1320;
				LastUpgradeCheck = 1320;
				TargetAttributes = {
					863552A12800CDFF00CEF112 = {
						CreatedOnToolsVersion = 13.2.1;
					};
					863552C12800CE0000CEF112 = {
						CreatedOnToolsVersion = 13.2.1;
						TestTargetID = 863552A12800CDFF00CEF112;
					};
				};
			};
			buildConfigurationList = 8635529D2800CDFF00CEF112 /* Build configuration list for PBXProject "UITestPractice" */;
			compatibilityVersion = "Xcode 13.0";
			developmentRegion = en;
			hasScannedForEncodings = 0;
			knownRegions = (
				en,
				Base,
			);
			mainGroup = 863552992800CDFF00CEF112;
			productRefGroup = 863552A32800CDFF00CEF112 /* Products */;
			projectDirPath = "";
			projectRoot = "";
			targets = (
				863552A12800CDFF00CEF112 /* UITestPractice */,
				863552C12800CE0000CEF112 /* UITestPracticeUITests */,
			);
		};
/* End PBXProject section */

/* Begin PBXResourcesBuildPhase section */
		863552A02800CDFF00CEF112 /* Resources */ = {
			isa = PBXResourcesBuildPhase;
			buildActionMask = 2147483647;
			files = (
				863552B22800CDFF00CEF112 /* LaunchScreen.storyboard in Resources */,
				863552AF2800CDFF00CEF112 /* Assets.xcassets in Resources */,
			);
			runOnlyForDeploymentPostprocessing = 0;
		};
		863552C02800CE0000CEF112 /* Resources */ = {
			isa = PBXResourcesBuildPhase;
			buildActionMask = 2147483647;
			files = (
			);
			runOnlyForDeploymentPostprocessing = 0;
		};
/* End PBXResourcesBuildPhase section */

/* Begin PBXSourcesBuildPhase section */
		8635529E2800CDFF00CEF112 /* Sources */ = {
			isa = PBXSourcesBuildPhase;
			buildActionMask = 2147483647;
			files = (
				863552AA2800CDFF00CEF112 /* ViewController.swift in Sources */,
				863552A62800CDFF00CEF112 /* AppDelegate.swift in Sources */,
			);
			runOnlyForDeploymentPostprocessing = 0;
		};
		863552BE2800CE0000CEF112 /* Sources */ = {
			isa = PBXSourcesBuildPhase;
			buildActionMask = 2147483647;
			files = (
				863552C72800CE0000CEF112 /* UITestPracticeUITests.swift in Sources */,
				863552C92800CE0000CEF112 /* UITestPracticeUITestsLaunchTests.swift in Sources */,
			);
			runOnlyForDeploymentPostprocessing = 0;
		};
/* End PBXSourcesBuildPhase section */

/* Begin PBXTargetDependency section */
		863552C42800CE0000CEF112 /* PBXTargetDependency */ = {
			isa = PBXTargetDependency;
			target = 863552A12800CDFF00CEF112 /* UITestPractice */;
			targetProxy = 863552C32800CE0000CEF112 /* PBXContainerItemProxy */;
		};
/* End PBXTargetDependency section */

/* Begin PBXVariantGroup section */
		863552B02800CDFF00CEF112 /* LaunchScreen.storyboard */ = {
			isa = PBXVariantGroup;
			children = (
				863552B12800CDFF00CEF112 /* Base */,
			);
			name = LaunchScreen.storyboard;
			sourceTree = "<group>";
		};
/* End PBXVariantGroup section */

/* Begin XCBuildConfiguration section */
		863552CA2800CE0000CEF112 /* Debug */ = {
			isa = XCBuildConfiguration;
			buildSettings = {
				ALWAYS_SEARCH_USER_PATHS = NO;
				CLANG_ANALYZER_NONNULL = YES;
				CLANG_ANALYZER_NUMBER_OBJECT_CONVERSION = YES_AGGRESSIVE;
				CLANG_CXX_LANGUAGE_STANDARD = "gnu++17";
				CLANG_CXX_LIBRARY = "libc++";
				CLANG_ENABLE_MODULES = YES;
				CLANG_ENABLE_OBJC_ARC = YES;
				CLANG_ENABLE_OBJC_WEAK = YES;
				CLANG_WARN_BLOCK_CAPTURE_AUTORELEASING = YES;
				CLANG_WARN_BOOL_CONVERSION = YES;
				CLANG_WARN_COMMA = YES;
				CLANG_WARN_CONSTANT_CONVERSION = YES;
				CLANG_WARN_DEPRECATED_OBJC_IMPLEMENTATIONS = YES;
				CLANG_WARN_DIRECT_OBJC_ISA_USAGE = YES_ERROR;
				CLANG_WARN_DOCUMENTATION_COMMENTS = YES;
				CLANG_WARN_EMPTY_BODY = YES;
				CLANG_WARN_ENUM_CONVERSION = YES;
				CLANG_WARN_INFINITE_RECURSION = YES;
				CLANG_WARN_INT_CONVERSION = YES;
				CLANG_WARN_NON_LITERAL_NULL_CONVERSION = YES;
				CLANG_WARN_OBJC_IMPLICIT_RETAIN_SELF = YES;
				CLANG_WARN_OBJC_LITERAL_CONVERSION = YES;
				CLANG_WARN_OBJC_ROOT_CLASS = YES_ERROR;
				CLANG_WARN_QUOTED_INCLUDE_IN_FRAMEWORK_HEADER = YES;
				CLANG_WARN_RANGE_LOOP_ANALYSIS = YES;
				CLANG_WARN_STRICT_PROTOTYPES = YES;
				CLANG_WARN_SUSPICIOUS_MOVE = YES;
				CLANG_WARN_UNGUARDED_AVAILABILITY = YES_AGGRESSIVE;
				CLANG_WARN_UNREACHABLE_CODE = YES;
				CLANG_WARN__DUPLICATE_METHOD_MATCH = YES;
				COPY_PHASE_STRIP = NO;
				DEBUG_INFORMATION_FORMAT = dwarf;
				ENABLE_STRICT_OBJC_MSGSEND = YES;
				ENABLE_TESTABILITY = YES;
				GCC_C_LANGUAGE_STANDARD = gnu11;
				GCC_DYNAMIC_NO_PIC = NO;
				GCC_NO_COMMON_BLOCKS = YES;
				GCC_OPTIMIZATION_LEVEL = 0;
				GCC_PREPROCESSOR_DEFINITIONS = (
					"DEBUG=1",
					"$(inherited)",
				);
				GCC_WARN_64_TO_32_BIT_CONVERSION = YES;
				GCC_WARN_ABOUT_RETURN_TYPE = YES_ERROR;
				GCC_WARN_UNDECLARED_SELECTOR = YES;
				GCC_WARN_UNINITIALIZED_AUTOS = YES_AGGRESSIVE;
				GCC_WARN_UNUSED_FUNCTION = YES;
				GCC_WARN_UNUSED_VARIABLE = YES;
				IPHONEOS_DEPLOYMENT_TARGET = 15.2;
				MTL_ENABLE_DEBUG_INFO = INCLUDE_SOURCE;
				MTL_FAST_MATH = YES;
				ONLY_ACTIVE_ARCH = YES;
				SDKROOT = iphoneos;
				SWIFT_ACTIVE_COMPILATION_CONDITIONS = DEBUG;
				SWIFT_OPTIMIZATION_LEVEL = "-Onone";
			};
			name = Debug;
		};
		863552CB2800CE0000CEF112 /* Release */ = {
			isa = XCBuildConfiguration;
			buildSettings = {
				ALWAYS_SEARCH_USER_PATHS = NO;
				CLANG_ANALYZER_NONNULL = YES;
				CLANG_ANALYZER_NUMBER_OBJECT_CONVERSION = YES_AGGRESSIVE;
				CLANG_CXX_LANGUAGE_STANDARD = "gnu++17";
				CLANG_CXX_LIBRARY = "libc++";
				CLANG_ENABLE_MODULES = YES;
				CLANG_ENABLE_OBJC_ARC = YES;
				CLANG_ENABLE_OBJC_WEAK = YES;
				CLANG_WARN_BLOCK_CAPTURE_AUTORELEASING = YES;
				CLANG_WARN_BOOL_CONVERSION = YES;
				CLANG_WARN_COMMA = YES;
				CLANG_WARN_CONSTANT_CONVERSION = YES;
				CLANG_WARN_DEPRECATED_OBJC_IMPLEMENTATIONS = YES;
				CLANG_WARN_DIRECT_OBJC_ISA_USAGE = YES_ERROR;
				CLANG_WARN_DOCUMENTATION_COMMENTS = YES;
				CLANG_WARN_EMPTY_BODY = YES;
				CLANG_WARN_ENUM_CONVERSION = YES;
				CLANG_WARN_INFINITE_RECURSION = YES;
				CLANG_WARN_INT_CONVERSION = YES;
				CLANG_WARN_NON_LITERAL_NULL_CONVERSION = YES;
				CLANG_WARN_OBJC_IMPLICIT_RETAIN_SELF = YES;
				CLANG_WARN_OBJC_LITERAL_CONVERSION = YES;
				CLANG_WARN_OBJC_ROOT_CLASS = YES_ERROR;
				CLANG_WARN_QUOTED_INCLUDE_IN_FRAMEWORK_HEADER = YES;
				CLANG_WARN_RANGE_LOOP_ANALYSIS = YES;
				CLANG_WARN_STRICT_PROTOTYPES = YES;
				CLANG_WARN_SUSPICIOUS_MOVE = YES;
				CLANG_WARN_UNGUARDED_AVAILABILITY = YES_AGGRESSIVE;
				CLANG_WARN_UNREACHABLE_CODE = YES;
				CLANG_WARN__DUPLICATE_METHOD_MATCH = YES;
				COPY_PHASE_STRIP = NO;
				DEBUG_INFORMATION_FORMAT = "dwarf-with-dsym";
				ENABLE_NS_ASSERTIONS = NO;
				ENABLE_STRICT_OBJC_MSGSEND = YES;
				GCC_C_LANGUAGE_STANDARD = gnu11;
				GCC_NO_COMMON_BLOCKS = YES;
				GCC_WARN_64_TO_32_BIT_CONVERSION = YES;
				GCC_WARN_ABOUT_RETURN_TYPE = YES_ERROR;
				GCC_WARN_UNDECLARED_SELECTOR = YES;
				GCC_WARN_UNINITIALIZED_AUTOS = YES_AGGRESSIVE;
				GCC_WARN_UNUSED_FUNCTION = YES;
				GCC_WARN_UNUSED_VARIABLE = YES;
				IPHONEOS_DEPLOYMENT_TARGET = 15.2;
				MTL_ENABLE_DEBUG_INFO = NO;
				MTL_FAST_MATH = YES;
				SDKROOT = iphoneos;
				SWIFT_COMPILATION_MODE = wholemodule;
				SWIFT_OPTIMIZATION_LEVEL = "-O";
				VALIDATE_PRODUCT = YES;
			};
			name = Release;
		};
		863552CD2800CE0000CEF112 /* Debug */ = {
			isa = XCBuildConfiguration;
			buildSettings = {
				ASSETCATALOG_COMPILER_APPICON_NAME = AppIcon;
				ASSETCATALOG_COMPILER_GLOBAL_ACCENT_COLOR_NAME = AccentColor;
				CODE_SIGN_STYLE = Automatic;
				CURRENT_PROJECT_VERSION = 1;
				DEVELOPMENT_TEAM = HA4VLPKKLD;
				GENERATE_INFOPLIST_FILE = YES;
				INFOPLIST_FILE = UITestPractice/Info.plist;
				INFOPLIST_KEY_UIApplicationSupportsIndirectInputEvents = YES;
				INFOPLIST_KEY_UILaunchStoryboardName = LaunchScreen;
				INFOPLIST_KEY_UISupportedInterfaceOrientations_iPad = "UIInterfaceOrientationPortrait UIInterfaceOrientationPortraitUpsideDown UIInterfaceOrientationLandscapeLeft UIInterfaceOrientationLandscapeRight";
				INFOPLIST_KEY_UISupportedInterfaceOrientations_iPhone = "UIInterfaceOrientationPortrait UIInterfaceOrientationLandscapeLeft UIInterfaceOrientationLandscapeRight";
				LD_RUNPATH_SEARCH_PATHS = (
					"$(inherited)",
					"@executable_path/Frameworks",
				);
				MARKETING_VERSION = 1.0;
				PRODUCT_BUNDLE_IDENTIFIER = com.gmail.wtrmiya.UITestPractice;
				PRODUCT_NAME = "$(TARGET_NAME)";
				SWIFT_EMIT_LOC_STRINGS = YES;
				SWIFT_VERSION = 5.0;
				TARGETED_DEVICE_FAMILY = "1,2";
			};
			name = Debug;
		};
		863552CE2800CE0000CEF112 /* Release */ = {
			isa = XCBuildConfiguration;
			buildSettings = {
				ASSETCATALOG_COMPILER_APPICON_NAME = AppIcon;
				ASSETCATALOG_COMPILER_GLOBAL_ACCENT_COLOR_NAME = AccentColor;
				CODE_SIGN_STYLE = Automatic;
				CURRENT_PROJECT_VERSION = 1;
				DEVELOPMENT_TEAM = HA4VLPKKLD;
				GENERATE_INFOPLIST_FILE = YES;
				INFOPLIST_FILE = UITestPractice/Info.plist;
				INFOPLIST_KEY_UIApplicationSupportsIndirectInputEvents = YES;
				INFOPLIST_KEY_UILaunchStoryboardName = LaunchScreen;
				INFOPLIST_KEY_UISupportedInterfaceOrientations_iPad = "UIInterfaceOrientationPortrait UIInterfaceOrientationPortraitUpsideDown UIInterfaceOrientationLandscapeLeft UIInterfaceOrientationLandscapeRight";
				INFOPLIST_KEY_UISupportedInterfaceOrientations_iPhone = "UIInterfaceOrientationPortrait UIInterfaceOrientationLandscapeLeft UIInterfaceOrientationLandscapeRight";
				LD_RUNPATH_SEARCH_PATHS = (
					"$(inherited)",
					"@executable_path/Frameworks",
				);
				MARKETING_VERSION = 1.0;
				PRODUCT_BUNDLE_IDENTIFIER = com.gmail.wtrmiya.UITestPractice;
				PRODUCT_NAME = "$(TARGET_NAME)";
				SWIFT_EMIT_LOC_STRINGS = YES;
				SWIFT_VERSION = 5.0;
				TARGETED_DEVICE_FAMILY = "1,2";
			};
			name = Release;
		};
		863552D32800CE0000CEF112 /* Debug */ = {
			isa = XCBuildConfiguration;
			buildSettings = {
				ALWAYS_EMBED_SWIFT_STANDARD_LIBRARIES = YES;
				CODE_SIGN_STYLE = Automatic;
				CURRENT_PROJECT_VERSION = 1;
				DEVELOPMENT_TEAM = HA4VLPKKLD;
				GENERATE_INFOPLIST_FILE = YES;
				MARKETING_VERSION = 1.0;
				PRODUCT_BUNDLE_IDENTIFIER = com.gmail.wtrmiya.UITestPracticeUITests;
				PRODUCT_NAME = "$(TARGET_NAME)";
				SWIFT_EMIT_LOC_STRINGS = NO;
				SWIFT_VERSION = 5.0;
				TARGETED_DEVICE_FAMILY = "1,2";
				TEST_TARGET_NAME = UITestPractice;
			};
			name = Debug;
		};
		863552D42800CE0000CEF112 /* Release */ = {
			isa = XCBuildConfiguration;
			buildSettings = {
				ALWAYS_EMBED_SWIFT_STANDARD_LIBRARIES = YES;
				CODE_SIGN_STYLE = Automatic;
				CURRENT_PROJECT_VERSION = 1;
				DEVELOPMENT_TEAM = HA4VLPKKLD;
				GENERATE_INFOPLIST_FILE = YES;
				MARKETING_VERSION = 1.0;
				PRODUCT_BUNDLE_IDENTIFIER = com.gmail.wtrmiya.UITestPracticeUITests;
				PRODUCT_NAME = "$(TARGET_NAME)";
				SWIFT_EMIT_LOC_STRINGS = NO;
				SWIFT_VERSION = 5.0;
				TARGETED_DEVICE_FAMILY = "1,2";
				TEST_TARGET_NAME = UITestPractice;
			};
			name = Release;
		};
/* End XCBuildConfiguration section */

/* Begin XCConfigurationList section */
		8635529D2800CDFF00CEF112 /* Build configuration list for PBXProject "UITestPractice" */ = {
			isa = XCConfigurationList;
			buildConfigurations = (
				863552CA2800CE0000CEF112 /* Debug */,
				863552CB2800CE0000CEF112 /* Release */,
			);
			defaultConfigurationIsVisible = 0;
			defaultConfigurationName = Release;
		};
		863552CC2800CE0000CEF112 /* Build configuration list for PBXNativeTarget "UITestPractice" */ = {
			isa = XCConfigurationList;
			buildConfigurations = (
				863552CD2800CE0000CEF112 /* Debug */,
				863552CE2800CE0000CEF112 /* Release */,
			);
			defaultConfigurationIsVisible = 0;
			defaultConfigurationName = Release;
		};
		863552D22800CE0000CEF112 /* Build configuration list for PBXNativeTarget "UITestPracticeUITests" */ = {
			isa = XCConfigurationList;
			buildConfigurations = (
				863552D32800CE0000CEF112 /* Debug */,
				863552D42800CE0000CEF112 /* Release */,
			);
			defaultConfigurationIsVisible = 0;
			defaultConfigurationName = Release;
		};
/* End XCConfigurationList section */
	};
	rootObject = 8635529A2800CDFF00CEF112 /* Project object */;
}
